
Microsoft Visual Studio Solution File, Format Version 12.00
# Visual Studio 15
VisualStudioVersion = 15.0.28010.2041
MinimumVisualStudioVersion = 10.0.40219.1
Project("{FAE04EC0-301F-11D3-BF4B-00C04F79EFBC}") = "SamuriApp.Domain", "SamuriApp.Domain\SamuriApp.Domain.csproj", "{1A8E332A-AA85-4061-9ED5-B9D7F8CEFB31}"
EndProject
Project("{FAE04EC0-301F-11D3-BF4B-00C04F79EFBC}") = "SamuriApp.Data", "SamuriApp.Data\SamuriApp.Data.csproj", "{F10BEEF1-6BFD-4F9F-AB58-FBD897B21B73}"
EndProject
Project("{FAE04EC0-301F-11D3-BF4B-00C04F79EFBC}") = "SamuriApp.Tests", "SamuriApp.Tests\SamuriApp.Tests.csproj", "{B381BAD8-7E67-4C89-9A13-2CC0048A4F82}"
EndProject
Project("{FAE04EC0-301F-11D3-BF4B-00C04F79EFBC}") = "SamuriApp.ConsoleUi", "SamuriApp.ConsoleUi\SamuriApp.ConsoleUi.csproj", "{9E5873A4-F588-4F04-9D65-6A776E848DC2}"
EndProject
Global
	GlobalSection(SolutionConfigurationPlatforms) = preSolution
		Debug|Any CPU = Debug|Any CPU
		Release|Any CPU = Release|Any CPU
	EndGlobalSection
	GlobalSection(ProjectConfigurationPlatforms) = postSolution
		{1A8E332A-AA85-4061-9ED5-B9D7F8CEFB31}.Debug|Any CPU.ActiveCfg = Debug|Any CPU
		{1A8E332A-AA85-4061-9ED5-B9D7F8CEFB31}.Debug|Any CPU.Build.0 = Debug|Any CPU
		{1A8E332A-AA85-4061-9ED5-B9D7F8CEFB31}.Release|Any CPU.ActiveCfg = Release|Any CPU
		{1A8E332A-AA85-4061-9ED5-B9D7F8CEFB31}.Release|Any CPU.Build.0 = Release|Any CPU
		{F10BEEF1-6BFD-4F9F-AB58-FBD897B21B73}.Debug|Any CPU.ActiveCfg = Debug|Any CPU
		{F10BEEF1-6BFD-4F9F-AB58-FBD897B21B73}.Debug|Any CPU.Build.0 = Debug|Any CPU
		{F10BEEF1-6BFD-4F9F-AB58-FBD897B21B73}.Release|Any CPU.ActiveCfg = Release|Any CPU
		{F10BEEF1-6BFD-4F9F-AB58-FBD897B21B73}.Release|Any CPU.Build.0 = Release|Any CPU
		{B381BAD8-7E67-4C89-9A13-2CC0048A4F82}.Debug|Any CPU.ActiveCfg = Debug|Any CPU
		{B381BAD8-7E67-4C89-9A13-2CC0048A4F82}.Debug|Any CPU.Build.0 = Debug|Any CPU
		{B381BAD8-7E67-4C89-9A13-2CC0048A4F82}.Release|Any CPU.ActiveCfg = Release|Any CPU
		{B381BAD8-7E67-4C89-9A13-2CC0048A4F82}.Release|Any CPU.Build.0 = Release|Any CPU
		{9E5873A4-F588-4F04-9D65-6A776E848DC2}.Debug|Any CPU.ActiveCfg = Debug|Any CPU
		{9E5873A4-F588-4F04-9D65-6A776E848DC2}.Debug|Any CPU.Build.0 = Debug|Any CPU
		{9E5873A4-F588-4F04-9D65-6A776E848DC2}.Release|Any CPU.ActiveCfg = Release|Any CPU
		{9E5873A4-F588-4F04-9D65-6A776E848DC2}.Release|Any CPU.Build.0 = Release|Any CPU
	EndGlobalSection
	GlobalSection(SolutionProperties) = preSolution
		HideSolutionNode = FALSE
	EndGlobalSection
	GlobalSection(ExtensibilityGlobals) = postSolution
		SolutionGuid = {DEEE27B2-31A3-454F-8302-E5FD856A3A72}
	EndGlobalSection
EndGlobal
